<?xml version="1.0" encoding="utf-8"?>
<Project ToolsVersion="4.0" xmlns="http://schemas.microsoft.com/developer/msbuild/2003">
  <ItemGroup>
    <Filter Include="Jobs">
      <UniqueIdentifier>{0cdc65d5-d3ba-46b4-9219-a0b59668540f}</UniqueIdentifier>
    </Filter>
  </ItemGroup>
  <ItemGroup>
    <ClCompile Include="Jobs\Job1.cpp">
      <Filter>Jobs</Filter>
    </ClCompile>
  </ItemGroup>
  <ItemGroup>
    <ClInclude Include="Jobs\Job1.h">
      <Filter>Jobs</Filter>
    </ClInclude>
  </ItemGroup>
</Project>