<?xml version="1.0" encoding="utf-8"?>
<Project ToolsVersion="4.0" xmlns="http://schemas.microsoft.com/developer/msbuild/2003">
  <ItemGroup>
    <Filter Include="Eigensolver">
      <UniqueIdentifier>{25643285-898f-4b2d-9280-81f3e0095432}</UniqueIdentifier>
    </Filter>
    <Filter Include="FFT">
      <UniqueIdentifier>{cb96703f-f58e-4545-94ac-4820a11ed548}</UniqueIdentifier>
    </Filter>
    <Filter Include="Gauge">
      <UniqueIdentifier>{e3ca6c81-1af1-4212-b752-12c87a7a7012}</UniqueIdentifier>
    </Filter>
    <Filter Include="GradientFlow">
      <UniqueIdentifier>{178a2069-c436-4cf6-bfd2-bb21c1e36a37}</UniqueIdentifier>
    </Filter>
    <Filter Include="HMC">
      <UniqueIdentifier>{482be03d-9e54-4848-99b0-36ad61177c8e}</UniqueIdentifier>
    </Filter>
    <Filter Include="HotStart">
      <UniqueIdentifier>{702eeaa6-4d7d-437e-a170-0dfe987ab393}</UniqueIdentifier>
    </Filter>
    <Filter Include="IO">
      <UniqueIdentifier>{280c6108-d1cb-4a87-8fee-fc5b1c81a807}</UniqueIdentifier>
    </Filter>
    <Filter Include="Mult">
      <UniqueIdentifier>{81942cad-3896-49c2-9fb7-66d90a87a140}</UniqueIdentifier>
    </Filter>
    <Filter Include="PolyakovLoop">
      <UniqueIdentifier>{61935dc8-66ce-49f3-8a54-47470f5cf709}</UniqueIdentifier>
    </Filter>
    <Filter Include="QuarkNumberSusceptibility">
      <UniqueIdentifier>{67047294-8ad3-45df-826b-70931eb798fe}</UniqueIdentifier>
    </Filter>
    <Filter Include="RandomNumbers">
      <UniqueIdentifier>{a406fcf2-c1f7-4664-87e1-eea997da90aa}</UniqueIdentifier>
    </Filter>
    <Filter Include="Rational">
      <UniqueIdentifier>{0659bea0-5d99-4cc5-bd59-faba24c92ad9}</UniqueIdentifier>
    </Filter>
    <Filter Include="SF_fAfP">
      <UniqueIdentifier>{c10c0c5e-bfa0-4a59-815b-f371a53330f2}</UniqueIdentifier>
    </Filter>
    <Filter Include="ShiftSolver">
      <UniqueIdentifier>{b3432fa1-b5a8-4342-bd24-cd13c46865d6}</UniqueIdentifier>
    </Filter>
    <Filter Include="Spectrum">
      <UniqueIdentifier>{3bfa6fef-9555-49e8-ad67-48e945a45303}</UniqueIdentifier>
    </Filter>
    <Filter Include="TopologicalCharge">
      <UniqueIdentifier>{1af75bd0-158c-4355-8bc9-4271328d306f}</UniqueIdentifier>
    </Filter>
    <Filter Include="WilsonLoop">
      <UniqueIdentifier>{275ed9f3-a3db-4860-aa74-b6e8b449bdaa}</UniqueIdentifier>
    </Filter>
  </ItemGroup>
  <ItemGroup>
    <ClCompile Include="Tests\Eigensolver\test_Eigensolver.cpp">
      <Filter>Eigensolver</Filter>
    </ClCompile>
    <ClCompile Include="Tests\Eigensolver\test_Eigensolver_Chebyshev.cpp">
      <Filter>Eigensolver</Filter>
    </ClCompile>
    <ClCompile Include="Tests\Eigensolver\test_Eigensolver_Clover_SF.cpp">
      <Filter>Eigensolver</Filter>
    </ClCompile>
    <ClCompile Include="Tests\FFT\test_FFT.cpp">
      <Filter>FFT</Filter>
    </ClCompile>
    <ClCompile Include="Tests\Gauge\test_Gauge_Plaquette.cpp">
      <Filter>Gauge</Filter>
    </ClCompile>
    <ClCompile Include="Tests\Gauge\test_Gauge_Shift.cpp">
      <Filter>Gauge</Filter>
    </ClCompile>
    <ClCompile Include="Tests\GradientFlow\test_GradientFlow_Nf0.cpp">
      <Filter>GradientFlow</Filter>
    </ClCompile>
    <ClCompile Include="Tests\HMC\test_HMC_Clover_Isochemical_Nf2.cpp">
      <Filter>HMC</Filter>
    </ClCompile>
    <ClCompile Include="Tests\HMC\test_HMC_Clover_Isochemical_RHMC_Nf2p1.cpp">
      <Filter>HMC</Filter>
    </ClCompile>
    <ClCompile Include="Tests\HMC\test_HMC_Clover_Nf2.cpp">
      <Filter>HMC</Filter>
    </ClCompile>
    <ClCompile Include="Tests\HMC\test_HMC_Clover_Nf2_eo.cpp">
      <Filter>HMC</Filter>
    </ClCompile>
    <ClCompile Include="Tests\HMC\test_HMC_Clover_RHMC_Nf2p1.cpp">
      <Filter>HMC</Filter>
    </ClCompile>
    <ClCompile Include="Tests\HMC\test_HMC_Clover_RHMC_Nf2p1_eo.cpp">
      <Filter>HMC</Filter>
    </ClCompile>
    <ClCompile Include="Tests\HMC\test_HMC_Clover_SF_Nf2.cpp">
      <Filter>HMC</Filter>
    </ClCompile>
    <ClCompile Include="Tests\HMC\test_HMC_Clover_SF_RHMC_Nf2p1.cpp">
      <Filter>HMC</Filter>
    </ClCompile>
    <ClCompile Include="Tests\HMC\test_HMC_Quenched.cpp">
      <Filter>HMC</Filter>
    </ClCompile>
    <ClCompile Include="Tests\HMC\test_HMC_Quenched_Leapfrog.cpp">
      <Filter>HMC</Filter>
    </ClCompile>
    <ClCompile Include="Tests\HMC\test_HMC_Wilson_Leapfrog_Nf2.cpp">
      <Filter>HMC</Filter>
    </ClCompile>
    <ClCompile Include="Tests\HMC\test_HMC_Wilson_Nf2.cpp">
      <Filter>HMC</Filter>
    </ClCompile>
    <ClCompile Include="Tests\HotStart\test_HotStart_Determinant.cpp">
      <Filter>HotStart</Filter>
    </ClCompile>
    <ClCompile Include="Tests\HotStart\test_HotStart_Eigenvalue.cpp">
      <Filter>HotStart</Filter>
    </ClCompile>
    <ClCompile Include="Tests\HotStart\test_HotStart_Unitary.cpp">
      <Filter>HotStart</Filter>
    </ClCompile>
    <ClCompile Include="Tests\IO\test_IO_Data_Text.cpp">
      <Filter>IO</Filter>
    </ClCompile>
    <ClCompile Include="Tests\IO\test_IO_GaugeConfig.cpp">
      <Filter>IO</Filter>
    </ClCompile>
    <ClCompile Include="Tests\Mult\test_Mult.cpp">
      <Filter>Mult</Filter>
    </ClCompile>
    <ClCompile Include="Tests\Mult\test_Mult_eo.cpp">
      <Filter>Mult</Filter>
    </ClCompile>
    <ClCompile Include="Tests\Mult\test_Mult_Wilson.cpp">
      <Filter>Mult</Filter>
    </ClCompile>
    <ClCompile Include="Tests\WilsonLoop\test_WilsonLoop.cpp">
      <Filter>WilsonLoop</Filter>
    </ClCompile>
    <ClCompile Include="Tests\TopologicalCharge\test_TopologicalCharge.cpp">
      <Filter>TopologicalCharge</Filter>
    </ClCompile>
    <ClCompile Include="Tests\Spectrum\test_Spectrum_2ptFunction.cpp">
      <Filter>Spectrum</Filter>
    </ClCompile>
    <ClCompile Include="Tests\Spectrum\test_Spectrum_2ptFunction_eo.cpp">
      <Filter>Spectrum</Filter>
    </ClCompile>
    <ClCompile Include="Tests\Spectrum\test_Spectrum_2ptFunction_eo_withFileIO.cpp">
      <Filter>Spectrum</Filter>
    </ClCompile>
    <ClCompile Include="Tests\Spectrum\test_Spectrum_2ptFunction_withFileIO.cpp">
      <Filter>Spectrum</Filter>
    </ClCompile>
    <ClCompile Include="Tests\Spectrum\test_Spectrum_CRSMatrix_Clover_Lexical.cpp">
      <Filter>Spectrum</Filter>
    </ClCompile>
    <ClCompile Include="Tests\Spectrum\test_Spectrum_CRSMatrix_CRSsolver.cpp">
      <Filter>Spectrum</Filter>
    </ClCompile>
    <ClCompile Include="Tests\Spectrum\test_Spectrum_Wilson_2ptFunction.cpp">
      <Filter>Spectrum</Filter>
    </ClCompile>
    <ClCompile Include="Tests\ShiftSolver\test_ShiftSolver_Wilson.cpp">
      <Filter>ShiftSolver</Filter>
    </ClCompile>
    <ClCompile Include="Tests\SF_fAfP\test_SF_fAfP_Boundary_Meson_2ptFunction.cpp">
      <Filter>SF_fAfP</Filter>
    </ClCompile>
    <ClCompile Include="Tests\Rational\test_Rational_Approx.cpp">
      <Filter>Rational</Filter>
    </ClCompile>
    <ClCompile Include="Tests\Rational\test_Rational_Inverse.cpp">
      <Filter>Rational</Filter>
    </ClCompile>
    <ClCompile Include="Tests\Rational\test_Rational_Smeared.cpp">
      <Filter>Rational</Filter>
    </ClCompile>
    <ClCompile Include="Tests\RandomNumbers\test_RandomNumbers_Mseries_Gaussian.cpp">
      <Filter>RandomNumbers</Filter>
    </ClCompile>
    <ClCompile Include="Tests\RandomNumbers\test_RandomNumbers_Mseries_GaussianField.cpp">
      <Filter>RandomNumbers</Filter>
    </ClCompile>
    <ClCompile Include="Tests\RandomNumbers\test_RandomNumbers_Mseries_Global.cpp">
      <Filter>RandomNumbers</Filter>
    </ClCompile>
    <ClCompile Include="Tests\RandomNumbers\test_RandomNumbers_Mseries_Uniform.cpp">
      <Filter>RandomNumbers</Filter>
    </ClCompile>
    <ClCompile Include="Tests\RandomNumbers\test_RandomNumbers_MT19937_GaussianField.cpp">
      <Filter>RandomNumbers</Filter>
    </ClCompile>
    <ClCompile Include="Tests\RandomNumbers\test_RandomNumbers_MT19937_Global.cpp">
      <Filter>RandomNumbers</Filter>
    </ClCompile>
    <ClCompile Include="Tests\RandomNumbers\test_RandomNumbers_MT19937_Uniform.cpp">
      <Filter>RandomNumbers</Filter>
    </ClCompile>
    <ClCompile Include="Tests\RandomNumbers\test_RandomNumbers_SFMT_GaussianField.cpp">
      <Filter>RandomNumbers</Filter>
    </ClCompile>
    <ClCompile Include="Tests\RandomNumbers\test_RandomNumbers_SFMT_Global.cpp">
      <Filter>RandomNumbers</Filter>
    </ClCompile>
    <ClCompile Include="Tests\RandomNumbers\test_RandomNumbers_SFMT_Uniform.cpp">
      <Filter>RandomNumbers</Filter>
    </ClCompile>
    <ClCompile Include="Tests\QuarkNumberSusceptibility\test_QuarkNumberSusceptibility_Clover_Isochemical.cpp">
      <Filter>QuarkNumberSusceptibility</Filter>
    </ClCompile>
    <ClCompile Include="Tests\PolyakovLoop\test_PolyakovLoop.cpp">
      <Filter>PolyakovLoop</Filter>
    </ClCompile>
  </ItemGroup>
</Project>